
Microsoft Visual Studio Solution File, Format Version 12.00
# Visual Studio 15
VisualStudioVersion = 15.0.28010.2041
MinimumVisualStudioVersion = 10.0.40219.1
Project("{FAE04EC0-301F-11D3-BF4B-00C04F79EFBC}") = "HW181012", "HW181012\HW181012.csproj", "{E4F95D87-7288-4032-9190-D3996D7AC604}"
EndProject
Global
	GlobalSection(SolutionConfigurationPlatforms) = preSolution
		Debug|Any CPU = Debug|Any CPU
		Release|Any CPU = Release|Any CPU
	EndGlobalSection
	GlobalSection(ProjectConfigurationPlatforms) = postSolution
		{E4F95D87-7288-4032-9190-D3996D7AC604}.Debug|Any CPU.ActiveCfg = Debug|Any CPU
		{E4F95D87-7288-4032-9190-D3996D7AC604}.Debug|Any CPU.Build.0 = Debug|Any CPU
		{E4F95D87-7288-4032-9190-D3996D7AC604}.Release|Any CPU.ActiveCfg = Release|Any CPU
		{E4F95D87-7288-4032-9190-D3996D7AC604}.Release|Any CPU.Build.0 = Release|Any CPU
	EndGlobalSection
	GlobalSection(SolutionProperties) = preSolution
		HideSolutionNode = FALSE
	EndGlobalSection
	GlobalSection(ExtensibilityGlobals) = postSolution
		SolutionGuid = {EFC1C72B-2B0B-43FE-8AC0-CDCBFF479520}
	EndGlobalSection
EndGlobal
